
Microsoft Visual Studio Solution File, Format Version 12.00
# Visual Studio Version 17
VisualStudioVersion = 17.2.32526.322
MinimumVisualStudioVersion = 10.0.40219.1
Project("{2150E333-8FDC-42A3-9474-1A3956D46DE8}") = "src", "src", "{F860949A-038A-488D-B66C-795CDDFF3257}"
EndProject
Project("{2150E333-8FDC-42A3-9474-1A3956D46DE8}") = "Solution Items", "Solution Items", "{A1060EAF-BC32-4FF2-8B04-701C91471193}"
	ProjectSection(SolutionItems) = preProject
		.editorconfig = .editorconfig
		README.md = README.md
	EndProjectSection
EndProject
Project("{2150E333-8FDC-42A3-9474-1A3956D46DE8}") = ".github", ".github", "{77622AF4-E6AC-4448-9D97-834EF12BB48D}"
EndProject
Project("{2150E333-8FDC-42A3-9474-1A3956D46DE8}") = "workflows", "workflows", "{2E2F9BE4-2BD8-4223-B232-092AC2A81DA4}"
	ProjectSection(SolutionItems) = preProject
		.github\workflows\linter.yml = .github\workflows\linter.yml
		.github\workflows\publish.yml = .github\workflows\publish.yml
	EndProjectSection
EndProject
Project("{9A19103F-16F7-4668-BE54-9A1E7A4F7556}") = "GestioneSagre.DataAccess", "src\GestioneSagre.DataAccess\GestioneSagre.DataAccess.csproj", "{B1B39EC2-7C37-41F5-BE49-A7669D238F37}"
EndProject
Project("{9A19103F-16F7-4668-BE54-9A1E7A4F7556}") = "GestioneSagre.Web.Client", "src\GestioneSagre.Web.Client\GestioneSagre.Web.Client.csproj", "{2F068754-08BD-4AD4-AC3F-979D7C80C721}"
EndProject
Project("{9A19103F-16F7-4668-BE54-9A1E7A4F7556}") = "GestioneSagre.Web.Server", "src\GestioneSagre.Web.Server\GestioneSagre.Web.Server.csproj", "{A8FA2AFB-142F-4848-A45A-5ECC9269421F}"
EndProject
Project("{9A19103F-16F7-4668-BE54-9A1E7A4F7556}") = "GestioneSagre.Models", "src\GestioneSagre.Models\GestioneSagre.Models.csproj", "{851A7886-5497-47AC-8EA5-E8E371F7F78B}"
EndProject
Project("{9A19103F-16F7-4668-BE54-9A1E7A4F7556}") = "GestioneSagre.Business", "src\GestioneSagre.Business\GestioneSagre.Business.csproj", "{B3CBAA0C-2E7C-41E6-82D3-AF4C0BF3BEA1}"
EndProject
Project("{9A19103F-16F7-4668-BE54-9A1E7A4F7556}") = "GestioneSagre.Web.Client.UI", "src\GestioneSagre.Web.Client.UI\GestioneSagre.Web.Client.UI.csproj", "{A9417D03-B883-4E7A-B83B-185F3808579A}"
EndProject
Project("{FAE04EC0-301F-11D3-BF4B-00C04F79EFBC}") = "GestioneSagre.Domain", "src\GestioneSagre.Domain\GestioneSagre.Domain.csproj", "{211E3133-36F9-4A18-A489-1B07A4305C13}"
EndProject
Global
	GlobalSection(SolutionConfigurationPlatforms) = preSolution
		Debug|Any CPU = Debug|Any CPU
		Debug|x64 = Debug|x64
		Debug|x86 = Debug|x86
		Release|Any CPU = Release|Any CPU
		Release|x64 = Release|x64
		Release|x86 = Release|x86
	EndGlobalSection
	GlobalSection(ProjectConfigurationPlatforms) = postSolution
		{B1B39EC2-7C37-41F5-BE49-A7669D238F37}.Debug|Any CPU.ActiveCfg = Debug|Any CPU
		{B1B39EC2-7C37-41F5-BE49-A7669D238F37}.Debug|Any CPU.Build.0 = Debug|Any CPU
		{B1B39EC2-7C37-41F5-BE49-A7669D238F37}.Debug|x64.ActiveCfg = Debug|Any CPU
		{B1B39EC2-7C37-41F5-BE49-A7669D238F37}.Debug|x64.Build.0 = Debug|Any CPU
		{B1B39EC2-7C37-41F5-BE49-A7669D238F37}.Debug|x86.ActiveCfg = Debug|Any CPU
		{B1B39EC2-7C37-41F5-BE49-A7669D238F37}.Debug|x86.Build.0 = Debug|Any CPU
		{B1B39EC2-7C37-41F5-BE49-A7669D238F37}.Release|Any CPU.ActiveCfg = Release|Any CPU
		{B1B39EC2-7C37-41F5-BE49-A7669D238F37}.Release|Any CPU.Build.0 = Release|Any CPU
		{B1B39EC2-7C37-41F5-BE49-A7669D238F37}.Release|x64.ActiveCfg = Release|Any CPU
		{B1B39EC2-7C37-41F5-BE49-A7669D238F37}.Release|x64.Build.0 = Release|Any CPU
		{B1B39EC2-7C37-41F5-BE49-A7669D238F37}.Release|x86.ActiveCfg = Release|Any CPU
		{B1B39EC2-7C37-41F5-BE49-A7669D238F37}.Release|x86.Build.0 = Release|Any CPU
		{2F068754-08BD-4AD4-AC3F-979D7C80C721}.Debug|Any CPU.ActiveCfg = Debug|Any CPU
		{2F068754-08BD-4AD4-AC3F-979D7C80C721}.Debug|Any CPU.Build.0 = Debug|Any CPU
		{2F068754-08BD-4AD4-AC3F-979D7C80C721}.Debug|x64.ActiveCfg = Debug|Any CPU
		{2F068754-08BD-4AD4-AC3F-979D7C80C721}.Debug|x64.Build.0 = Debug|Any CPU
		{2F068754-08BD-4AD4-AC3F-979D7C80C721}.Debug|x86.ActiveCfg = Debug|Any CPU
		{2F068754-08BD-4AD4-AC3F-979D7C80C721}.Debug|x86.Build.0 = Debug|Any CPU
		{2F068754-08BD-4AD4-AC3F-979D7C80C721}.Release|Any CPU.ActiveCfg = Release|Any CPU
		{2F068754-08BD-4AD4-AC3F-979D7C80C721}.Release|Any CPU.Build.0 = Release|Any CPU
		{2F068754-08BD-4AD4-AC3F-979D7C80C721}.Release|x64.ActiveCfg = Release|Any CPU
		{2F068754-08BD-4AD4-AC3F-979D7C80C721}.Release|x64.Build.0 = Release|Any CPU
		{2F068754-08BD-4AD4-AC3F-979D7C80C721}.Release|x86.ActiveCfg = Release|Any CPU
		{2F068754-08BD-4AD4-AC3F-979D7C80C721}.Release|x86.Build.0 = Release|Any CPU
		{A8FA2AFB-142F-4848-A45A-5ECC9269421F}.Debug|Any CPU.ActiveCfg = Debug|Any CPU
		{A8FA2AFB-142F-4848-A45A-5ECC9269421F}.Debug|Any CPU.Build.0 = Debug|Any CPU
		{A8FA2AFB-142F-4848-A45A-5ECC9269421F}.Debug|x64.ActiveCfg = Debug|Any CPU
		{A8FA2AFB-142F-4848-A45A-5ECC9269421F}.Debug|x64.Build.0 = Debug|Any CPU
		{A8FA2AFB-142F-4848-A45A-5ECC9269421F}.Debug|x86.ActiveCfg = Debug|Any CPU
		{A8FA2AFB-142F-4848-A45A-5ECC9269421F}.Debug|x86.Build.0 = Debug|Any CPU
		{A8FA2AFB-142F-4848-A45A-5ECC9269421F}.Release|Any CPU.ActiveCfg = Release|Any CPU
		{A8FA2AFB-142F-4848-A45A-5ECC9269421F}.Release|Any CPU.Build.0 = Release|Any CPU
		{A8FA2AFB-142F-4848-A45A-5ECC9269421F}.Release|x64.ActiveCfg = Release|Any CPU
		{A8FA2AFB-142F-4848-A45A-5ECC9269421F}.Release|x64.Build.0 = Release|Any CPU
		{A8FA2AFB-142F-4848-A45A-5ECC9269421F}.Release|x86.ActiveCfg = Release|Any CPU
		{A8FA2AFB-142F-4848-A45A-5ECC9269421F}.Release|x86.Build.0 = Release|Any CPU
		{851A7886-5497-47AC-8EA5-E8E371F7F78B}.Debug|Any CPU.ActiveCfg = Debug|Any CPU
		{851A7886-5497-47AC-8EA5-E8E371F7F78B}.Debug|Any CPU.Build.0 = Debug|Any CPU
		{851A7886-5497-47AC-8EA5-E8E371F7F78B}.Debug|x64.ActiveCfg = Debug|Any CPU
		{851A7886-5497-47AC-8EA5-E8E371F7F78B}.Debug|x64.Build.0 = Debug|Any CPU
		{851A7886-5497-47AC-8EA5-E8E371F7F78B}.Debug|x86.ActiveCfg = Debug|Any CPU
		{851A7886-5497-47AC-8EA5-E8E371F7F78B}.Debug|x86.Build.0 = Debug|Any CPU
		{851A7886-5497-47AC-8EA5-E8E371F7F78B}.Release|Any CPU.ActiveCfg = Release|Any CPU
		{851A7886-5497-47AC-8EA5-E8E371F7F78B}.Release|Any CPU.Build.0 = Release|Any CPU
		{851A7886-5497-47AC-8EA5-E8E371F7F78B}.Release|x64.ActiveCfg = Release|Any CPU
		{851A7886-5497-47AC-8EA5-E8E371F7F78B}.Release|x64.Build.0 = Release|Any CPU
		{851A7886-5497-47AC-8EA5-E8E371F7F78B}.Release|x86.ActiveCfg = Release|Any CPU
		{851A7886-5497-47AC-8EA5-E8E371F7F78B}.Release|x86.Build.0 = Release|Any CPU
		{B3CBAA0C-2E7C-41E6-82D3-AF4C0BF3BEA1}.Debug|Any CPU.ActiveCfg = Debug|Any CPU
		{B3CBAA0C-2E7C-41E6-82D3-AF4C0BF3BEA1}.Debug|Any CPU.Build.0 = Debug|Any CPU
		{B3CBAA0C-2E7C-41E6-82D3-AF4C0BF3BEA1}.Debug|x64.ActiveCfg = Debug|Any CPU
		{B3CBAA0C-2E7C-41E6-82D3-AF4C0BF3BEA1}.Debug|x64.Build.0 = Debug|Any CPU
		{B3CBAA0C-2E7C-41E6-82D3-AF4C0BF3BEA1}.Debug|x86.ActiveCfg = Debug|Any CPU
		{B3CBAA0C-2E7C-41E6-82D3-AF4C0BF3BEA1}.Debug|x86.Build.0 = Debug|Any CPU
		{B3CBAA0C-2E7C-41E6-82D3-AF4C0BF3BEA1}.Release|Any CPU.ActiveCfg = Release|Any CPU
		{B3CBAA0C-2E7C-41E6-82D3-AF4C0BF3BEA1}.Release|Any CPU.Build.0 = Release|Any CPU
		{B3CBAA0C-2E7C-41E6-82D3-AF4C0BF3BEA1}.Release|x64.ActiveCfg = Release|Any CPU
		{B3CBAA0C-2E7C-41E6-82D3-AF4C0BF3BEA1}.Release|x64.Build.0 = Release|Any CPU
		{B3CBAA0C-2E7C-41E6-82D3-AF4C0BF3BEA1}.Release|x86.ActiveCfg = Release|Any CPU
		{B3CBAA0C-2E7C-41E6-82D3-AF4C0BF3BEA1}.Release|x86.Build.0 = Release|Any CPU
		{A9417D03-B883-4E7A-B83B-185F3808579A}.Debug|Any CPU.ActiveCfg = Debug|Any CPU
		{A9417D03-B883-4E7A-B83B-185F3808579A}.Debug|Any CPU.Build.0 = Debug|Any CPU
		{A9417D03-B883-4E7A-B83B-185F3808579A}.Debug|x64.ActiveCfg = Debug|Any CPU
		{A9417D03-B883-4E7A-B83B-185F3808579A}.Debug|x64.Build.0 = Debug|Any CPU
		{A9417D03-B883-4E7A-B83B-185F3808579A}.Debug|x86.ActiveCfg = Debug|Any CPU
		{A9417D03-B883-4E7A-B83B-185F3808579A}.Debug|x86.Build.0 = Debug|Any CPU
		{A9417D03-B883-4E7A-B83B-185F3808579A}.Release|Any CPU.ActiveCfg = Release|Any CPU
		{A9417D03-B883-4E7A-B83B-185F3808579A}.Release|Any CPU.Build.0 = Release|Any CPU
		{A9417D03-B883-4E7A-B83B-185F3808579A}.Release|x64.ActiveCfg = Release|Any CPU
		{A9417D03-B883-4E7A-B83B-185F3808579A}.Release|x64.Build.0 = Release|Any CPU
		{A9417D03-B883-4E7A-B83B-185F3808579A}.Release|x86.ActiveCfg = Release|Any CPU
		{A9417D03-B883-4E7A-B83B-185F3808579A}.Release|x86.Build.0 = Release|Any CPU
		{211E3133-36F9-4A18-A489-1B07A4305C13}.Debug|Any CPU.ActiveCfg = Debug|Any CPU
		{211E3133-36F9-4A18-A489-1B07A4305C13}.Debug|Any CPU.Build.0 = Debug|Any CPU
		{211E3133-36F9-4A18-A489-1B07A4305C13}.Debug|x64.ActiveCfg = Debug|Any CPU
		{211E3133-36F9-4A18-A489-1B07A4305C13}.Debug|x64.Build.0 = Debug|Any CPU
		{211E3133-36F9-4A18-A489-1B07A4305C13}.Debug|x86.ActiveCfg = Debug|Any CPU
		{211E3133-36F9-4A18-A489-1B07A4305C13}.Debug|x86.Build.0 = Debug|Any CPU
		{211E3133-36F9-4A18-A489-1B07A4305C13}.Release|Any CPU.ActiveCfg = Release|Any CPU
		{211E3133-36F9-4A18-A489-1B07A4305C13}.Release|Any CPU.Build.0 = Release|Any CPU
		{211E3133-36F9-4A18-A489-1B07A4305C13}.Release|x64.ActiveCfg = Release|Any CPU
		{211E3133-36F9-4A18-A489-1B07A4305C13}.Release|x64.Build.0 = Release|Any CPU
		{211E3133-36F9-4A18-A489-1B07A4305C13}.Release|x86.ActiveCfg = Release|Any CPU
		{211E3133-36F9-4A18-A489-1B07A4305C13}.Release|x86.Build.0 = Release|Any CPU
	EndGlobalSection
	GlobalSection(SolutionProperties) = preSolution
		HideSolutionNode = FALSE
	EndGlobalSection
	GlobalSection(NestedProjects) = preSolution
		{2E2F9BE4-2BD8-4223-B232-092AC2A81DA4} = {77622AF4-E6AC-4448-9D97-834EF12BB48D}
		{B1B39EC2-7C37-41F5-BE49-A7669D238F37} = {F860949A-038A-488D-B66C-795CDDFF3257}
		{2F068754-08BD-4AD4-AC3F-979D7C80C721} = {F860949A-038A-488D-B66C-795CDDFF3257}
		{A8FA2AFB-142F-4848-A45A-5ECC9269421F} = {F860949A-038A-488D-B66C-795CDDFF3257}
		{851A7886-5497-47AC-8EA5-E8E371F7F78B} = {F860949A-038A-488D-B66C-795CDDFF3257}
		{B3CBAA0C-2E7C-41E6-82D3-AF4C0BF3BEA1} = {F860949A-038A-488D-B66C-795CDDFF3257}
		{A9417D03-B883-4E7A-B83B-185F3808579A} = {F860949A-038A-488D-B66C-795CDDFF3257}
		{211E3133-36F9-4A18-A489-1B07A4305C13} = {F860949A-038A-488D-B66C-795CDDFF3257}
	EndGlobalSection
	GlobalSection(ExtensibilityGlobals) = postSolution
		SolutionGuid = {7BD5E297-2FAD-43F4-8AE4-E6BA63347487}
	EndGlobalSection
EndGlobal
